
Microsoft Visual Studio Solution File, Format Version 12.00
# Visual Studio Version 17
VisualStudioVersion = 17.5.33502.453
MinimumVisualStudioVersion = 10.0.40219.1
Project("{9A19103F-16F7-4668-BE54-9A1E7A4F7556}") = "FormApp.MVC", "FormApp.MVC\FormApp.MVC.csproj", "{889B3749-B28A-4C1D-AA2A-1DD5542FCF5F}"
EndProject
Project("{9A19103F-16F7-4668-BE54-9A1E7A4F7556}") = "FormApp.Entity", "FormApp.Entity\FormApp.Entity.csproj", "{69CD3A8D-0DB2-4111-9E45-0206B5B7AD02}"
EndProject
Project("{9A19103F-16F7-4668-BE54-9A1E7A4F7556}") = "FormApp.Data", "FormApp.Data\FormApp.Data.csproj", "{059C60F2-2923-4AE9-A004-53A623661069}"
EndProject
Project("{9A19103F-16F7-4668-BE54-9A1E7A4F7556}") = "FormApp.Business", "FormApp.Business\FormApp.Business.csproj", "{E1D90066-8E60-45B2-8570-1C518BC2AD4E}"
EndProject
Global
	GlobalSection(SolutionConfigurationPlatforms) = preSolution
		Debug|Any CPU = Debug|Any CPU
		Release|Any CPU = Release|Any CPU
	EndGlobalSection
	GlobalSection(ProjectConfigurationPlatforms) = postSolution
		{889B3749-B28A-4C1D-AA2A-1DD5542FCF5F}.Debug|Any CPU.ActiveCfg = Debug|Any CPU
		{889B3749-B28A-4C1D-AA2A-1DD5542FCF5F}.Debug|Any CPU.Build.0 = Debug|Any CPU
		{889B3749-B28A-4C1D-AA2A-1DD5542FCF5F}.Release|Any CPU.ActiveCfg = Release|Any CPU
		{889B3749-B28A-4C1D-AA2A-1DD5542FCF5F}.Release|Any CPU.Build.0 = Release|Any CPU
		{69CD3A8D-0DB2-4111-9E45-0206B5B7AD02}.Debug|Any CPU.ActiveCfg = Debug|Any CPU
		{69CD3A8D-0DB2-4111-9E45-0206B5B7AD02}.Debug|Any CPU.Build.0 = Debug|Any CPU
		{69CD3A8D-0DB2-4111-9E45-0206B5B7AD02}.Release|Any CPU.ActiveCfg = Release|Any CPU
		{69CD3A8D-0DB2-4111-9E45-0206B5B7AD02}.Release|Any CPU.Build.0 = Release|Any CPU
		{059C60F2-2923-4AE9-A004-53A623661069}.Debug|Any CPU.ActiveCfg = Debug|Any CPU
		{059C60F2-2923-4AE9-A004-53A623661069}.Debug|Any CPU.Build.0 = Debug|Any CPU
		{059C60F2-2923-4AE9-A004-53A623661069}.Release|Any CPU.ActiveCfg = Release|Any CPU
		{059C60F2-2923-4AE9-A004-53A623661069}.Release|Any CPU.Build.0 = Release|Any CPU
		{E1D90066-8E60-45B2-8570-1C518BC2AD4E}.Debug|Any CPU.ActiveCfg = Debug|Any CPU
		{E1D90066-8E60-45B2-8570-1C518BC2AD4E}.Debug|Any CPU.Build.0 = Debug|Any CPU
		{E1D90066-8E60-45B2-8570-1C518BC2AD4E}.Release|Any CPU.ActiveCfg = Release|Any CPU
		{E1D90066-8E60-45B2-8570-1C518BC2AD4E}.Release|Any CPU.Build.0 = Release|Any CPU
	EndGlobalSection
	GlobalSection(SolutionProperties) = preSolution
		HideSolutionNode = FALSE
	EndGlobalSection
	GlobalSection(ExtensibilityGlobals) = postSolution
		SolutionGuid = {8383B642-EB89-472D-8F80-4237C6F1768D}
	EndGlobalSection
EndGlobal
